{
  "name": "fit5225-a2-aussie-ecolens",
  "lockfileVersion": 3,
  "requires": true,
  "packages": {
    "": {
      "dependencies": {
        "aws-amplify": "^6.17.0"
      }
    },
    "node_modules/@aws-amplify/analytics": {
      "version": "7.0.94",
      "resolved": "https://registry.npmjs.org/@aws-amplify/analytics/-/analytics-7.0.94.tgz",
      "integrity": "sha512-HNBq12e+ZFY7EqqlK2sAX165Vp5M4bx40a26f8ej6bDolZG5kkn4cYmERQX8LaWp0iVpfNUWAWPEppwZiLMMcw==",
      "dependencies": {
        "@aws-sdk/client-firehose": "^3.1012.0",
        "@aws-sdk/client-kinesis": "^3.1012.0",
        "@aws-sdk/client-personalize-events": "^3.1012.0",
        "@smithy/util-utf8": "2.0.0",
        "tslib": "^2.5.0"
      },
      "peerDependencies": {
        "@aws-amplify/core": "^6.16.2"
      }
    },
    "node_modules/@aws-amplify/api": {
      "version": "6.3.26",
      "resolved": "https://registry.npmjs.org/@aws-amplify/api/-/api-6.3.26.tgz",
      "integrity": "sha512-4uPCH2w1VO+lH24umwRlYKBOijq7Jl/Tj1nVrSGuU/3s+KtilC+l7BFGTPI5pllFR1oj0WUF0oiGu936+aSuSA==",
      "dependencies": {
        "@aws-amplify/api-graphql": "4.8.7",
        "@aws-amplify/api-rest": "4.6.4",
        "@aws-amplify/data-schema": "^1.7.0",
        "rxjs": "^7.8.1",
        "tslib": "^2.5.0"
      },
      "peerDependencies": {
        "@aws-amplify/core": "^6.16.2"
      }
    },
    "node_modules/@aws-amplify/api-graphql": {
      "version": "4.8.7",
      "resolved": "https://registry.npmjs.org/@aws-amplify/api-graphql/-/api-graphql-4.8.7.tgz",
      "integrity": "sha512-6e+V7SYybxZghTNVmd5DLRSSIbEs64VaXBZNA0vHXKEvXerSAcCwCjbyoKAzPaBgMgflsN8hFJI3xL1IZokM3Q==",
      "dependencies": {
        "@aws-amplify/api-rest": "4.6.4",
        "@aws-amplify/core": "6.16.3",
        "@aws-amplify/data-schema": "^1.7.0",
        "@aws-sdk/types": "^3.973.6",
        "graphql": "15.8.0",
        "rxjs": "^7.8.1",
        "tslib": "^2.5.0"
      }
    },
    "node_modules/@aws-amplify/api-rest": {
      "version": "4.6.4",
      "resolved": "https://registry.npmjs.org/@aws-amplify/api-rest/-/api-rest-4.6.4.tgz",
      "integrity": "sha512-/gGTP2/vWKma6ApVG56y9/1qh2/i4hDp37sm1zRSM0EMNdKr5RIgHbQ0W1l1gaJHRmPXb2lqUDfj9ZYFQATjQg==",
      "dependencies": {
        "tslib": "^2.5.0"
      },
      "peerDependencies": {
        "@aws-amplify/core": "^6.16.2"
      }
    },
    "node_modules/@aws-amplify/auth": {
      "version": "6.20.0",
      "resolved": "https://registry.npmjs.org/@aws-amplify/auth/-/auth-6.20.0.tgz",
      "integrity": "sha512-y58KFRvmq7PoAboeiubU0qschyzcvis6erP+K3rsMBImjbwGLJGfDWYikdpw//JLw7L7NZzqt+mvtrZW9ITqeg==",
      "dependencies": {
        "@aws-crypto/sha256-js": "5.2.0",
        "@smithy/types": "^3.3.0",
        "tslib": "^2.5.0"
      },
      "peerDependencies": {
        "@aws-amplify/core": "^6.16.2",
        "@aws-amplify/react-native": "^1.1.10"
      },
      "peerDependenciesMeta": {
        "@aws-amplify/react-native": {
          "optional": true
        }
      }
    },
    "node_modules/@aws-amplify/core": {
      "version": "6.16.3",
      "resolved": "https://registry.npmjs.org/@aws-amplify/core/-/core-6.16.3.tgz",
      "integrity": "sha512-wfB9lLEoLiyUEZAYgy1pOoqJqvkBTPMsx/F406HQNTg7b8+fHi7j5GVapJAg7JhmbJbjfmGtTg6EKY/DqF19kw==",
      "dependencies": {
        "@aws-crypto/sha256-js": "5.2.0",
        "@aws-sdk/types": "^3.973.6",
        "@smithy/util-hex-encoding": "2.0.0",
        "@types/uuid": "^9.0.0",
        "js-cookie": "^3.0.5",
        "rxjs": "^7.8.1",
        "tslib": "^2.5.0",
        "uuid": "^11.0.0"
      }
    },
    "node_modules/@aws-amplify/data-schema": {
      "version": "1.26.0",
      "resolved": "https://registry.npmjs.org/@aws-amplify/data-schema/-/data-schema-1.26.0.tgz",
      "integrity": "sha512-k8RDc5klcJU2etz1JP3aAebAdzoxK7oCHNyqENGMpEirYtupP9+BYRfkmMq+aWGNaSw28qyjI55UXDy50O/nUg==",
      "dependencies": {
        "@aws-amplify/data-schema-types": "*",
        "@smithy/util-base64": "^3.0.0",
        "@types/aws-lambda": "^8.10.134",
        "@types/json-schema": "^7.0.15",
        "rxjs": "^7.8.1"
      }
    },
    "node_modules/@aws-amplify/data-schema-types": {
      "version": "1.2.1",
      "resolved": "https://registry.npmjs.org/@aws-amplify/data-schema-types/-/data-schema-types-1.2.1.tgz",
      "integrity": "sha512-SuYVcy9Hg8Ox9P0QCXEPwqHxX5zVPgVo2YvNBOm5TpkZr4UK6ir3USame7dELZsk5/9f6KoP70QAYhTvp/j1Og==",
      "dependencies": {
        "graphql": "15.8.0",
        "rxjs": "^7.8.1"
      }
    },
    "node_modules/@aws-amplify/datastore": {
      "version": "5.1.7",
      "resolved": "https://registry.npmjs.org/@aws-amplify/datastore/-/datastore-5.1.7.tgz",
      "integrity": "sha512-305zhly/f0LLWyjo1NP6lZl6J3DDiUIm5Tfzl3rJIEqjixHEH+vXGjGvJXl8V6UOxj/D7BPoBnqDpU/l8nyyaw==",
      "dependencies": {
        "@aws-amplify/api": "6.3.26",
        "@aws-amplify/api-graphql": "4.8.7",
        "buffer": "4.9.2",
        "idb": "5.0.6",
        "immer": "9.0.6",
        "rxjs": "^7.8.1",
        "ulid": "^2.3.0"
      },
      "peerDependencies": {
        "@aws-amplify/core": "^6.16.2"
      }
    },
    "node_modules/@aws-amplify/notifications": {
      "version": "2.0.94",
      "resolved": "https://registry.npmjs.org/@aws-amplify/notifications/-/notifications-2.0.94.tgz",
      "integrity": "sha512-SFROWgXVWRoaO4vKXoQV/rDIS3gb7+LQT2W6HSpLsuVuNgHjvR1fUnOeGiZq0x3FhSJnHi9nlqZLtgQZ1aUYkQ==",
      "dependencies": {
        "@aws-sdk/types": "^3.973.6",
        "lodash": "^4.18.1",
        "tslib": "^2.5.0"
      },
      "peerDependencies": {
        "@aws-amplify/core": "^6.16.2"
      }
    },
    "node_modules/@aws-amplify/storage": {
      "version": "6.15.0",
      "resolved": "https://registry.npmjs.org/@aws-amplify/storage/-/storage-6.15.0.tgz",
      "integrity": "sha512-xMHR9mJilg55PEKYXSuvTMeKxNShC4Tosmu+DCCrYRnf0IjoN5yapcxCVt3xyOryvoQEKTIu1VHlOwYWdm+qkQ==",
      "dependencies": {
        "@aws-sdk/types": "^3.973.6",
        "@smithy/md5-js": "2.0.7",
        "buffer": "4.9.2",
        "crc-32": "1.2.2",
        "fast-xml-parser": "^5.7.2",
        "tslib": "^2.5.0"
      },
      "peerDependencies": {
        "@aws-amplify/core": "^6.16.2"
      }
    },
    "node_modules/@aws-crypto/crc32": {
      "version": "5.2.0",
      "resolved": "https://registry.npmjs.org/@aws-crypto/crc32/-/crc32-5.2.0.tgz",
      "integrity": "sha512-nLbCWqQNgUiwwtFsen1AdzAtvuLRsQS8rYgMuxCrdKf9kOssamGLuPwyTY9wyYblNr9+1XM8v6zoDTPPSIeANg==",
      "dependencies": {
        "@aws-crypto/util": "^5.2.0",
        "@aws-sdk/types": "^3.222.0",
        "tslib": "^2.6.2"
      },
      "engines": {
        "node": ">=16.0.0"
      }
    },
    "node_modules/@aws-crypto/sha256-browser": {
      "version": "5.2.0",
      "resolved": "https://registry.npmjs.org/@aws-crypto/sha256-browser/-/sha256-browser-5.2.0.tgz",
      "integrity": "sha512-AXfN/lGotSQwu6HNcEsIASo7kWXZ5HYWvfOmSNKDsEqC4OashTp8alTmaz+F7TC2L083SFv5RdB+qU3Vs1kZqw==",
      "dependencies": {
        "@aws-crypto/sha256-js": "^5.2.0",
        "@aws-crypto/supports-web-crypto": "^5.2.0",
        "@aws-crypto/util": "^5.2.0",
        "@aws-sdk/types": "^3.222.0",
        "@aws-sdk/util-locate-window": "^3.0.0",
        "@smithy/util-utf8": "^2.0.0",
        "tslib": "^2.6.2"
      }
    },
    "node_modules/@aws-crypto/sha256-js": {
      "version": "5.2.0",
      "resolved": "https://registry.npmjs.org/@aws-crypto/sha256-js/-/sha256-js-5.2.0.tgz",
      "integrity": "sha512-FFQQyu7edu4ufvIZ+OadFpHHOt+eSTBaYaki44c+akjg7qZg9oOQeLlk77F6tSYqjDAFClrHJk9tMf0HdVyOvA==",
      "dependencies": {
        "@aws-crypto/util": "^5.2.0",
        "@aws-sdk/types": "^3.222.0",
        "tslib": "^2.6.2"
      },
      "engines": {
        "node": ">=16.0.0"
      }
    },
    "node_modules/@aws-crypto/supports-web-crypto": {
      "version": "5.2.0",
      "resolved": "https://registry.npmjs.org/@aws-crypto/supports-web-crypto/-/supports-web-crypto-5.2.0.tgz",
      "integrity": "sha512-iAvUotm021kM33eCdNfwIN//F77/IADDSs58i+MDaOqFrVjZo9bAal0NK7HurRuWLLpF1iLX7gbWrjHjeo+YFg==",
      "dependencies": {
        "tslib": "^2.6.2"
      }
    },
    "node_modules/@aws-crypto/util": {
      "version": "5.2.0",
      "resolved": "https://registry.npmjs.org/@aws-crypto/util/-/util-5.2.0.tgz",
      "integrity": "sha512-4RkU9EsI6ZpBve5fseQlGNUWKMa1RLPQ1dnjnQoe07ldfIzcsGb5hC5W0Dm7u423KWzawlrpbjXBrXCEv9zazQ==",
      "dependencies": {
        "@aws-sdk/types": "^3.222.0",
        "@smithy/util-utf8": "^2.0.0",
        "tslib": "^2.6.2"
      }
    },
    "node_modules/@aws-sdk/client-firehose": {
      "version": "3.1060.0",
      "resolved": "https://registry.npmjs.org/@aws-sdk/client-firehose/-/client-firehose-3.1060.0.tgz",
      "integrity": "sha512-kCvJJ4aw4A5dn1kQ8hgyw+zeP0Pkq+uX/MadrwFR3opT0ebI/VQDgEmva8aYeMUmZAydV+BuGNhZJj+3JnNE7A==",
      "dependencies": {
        "@aws-crypto/sha256-browser": "5.2.0",
        "@aws-crypto/sha256-js": "5.2.0",
        "@aws-sdk/core": "^3.974.17",
        "@aws-sdk/credential-provider-node": "^3.972.50",
        "@aws-sdk/types": "^3.973.10",
        "@smithy/core": "^3.24.6",
        "@smithy/fetch-http-handler": "^5.4.6",
        "@smithy/node-http-handler": "^4.7.6",
        "@smithy/types": "^4.14.3",
        "tslib": "^2.6.2"
      },
      "engines": {
        "node": ">=20.0.0"
      }
    },
    "node_modules/@aws-sdk/client-firehose/node_modules/@smithy/types": {
      "version": "4.14.3",
      "resolved": "https://registry.npmjs.org/@smithy/types/-/types-4.14.3.tgz",
      "integrity": "sha512-YupL0ZWmFtJexUN2cHzkvvF/b9pKrtAIfT1o7/oY/Ppu8IYeZ+lDPM5vZdQJaSeA132dJCqojjGC9NhXeF71VQ==",
      "dependencies": {
        "tslib": "^2.6.2"
      },
      "engines": {
        "node": ">=18.0.0"
      }
    },
    "node_modules/@aws-sdk/client-kinesis": {
      "version": "3.1060.0",
      "resolved": "https://registry.npmjs.org/@aws-sdk/client-kinesis/-/client-kinesis-3.1060.0.tgz",
      "integrity": "sha512-JLEdRTINUNsdlsFNeRbMy3a7/irsCouCtNJTad0s9gBuv6hCFzwnUhu7iE5qHk0awCSinsNILA/eSsZ0Jfx3Pw==",
      "dependencies": {
        "@aws-crypto/sha256-browser": "5.2.0",
        "@aws-crypto/sha256-js": "5.2.0",
        "@aws-sdk/core": "^3.974.17",
        "@aws-sdk/credential-provider-node": "^3.972.50",
        "@aws-sdk/types": "^3.973.10",
        "@smithy/core": "^3.24.6",
        "@smithy/fetch-http-handler": "^5.4.6",
        "@smithy/node-http-handler": "^4.7.6",
        "@smithy/types": "^4.14.3",
        "tslib": "^2.6.2"
      },
      "engines": {
        "node": ">=20.0.0"
      }
    },
    "node_modules/@aws-sdk/client-kinesis/node_modules/@smithy/types": {
      "version": "4.14.3",
      "resolved": "https://registry.npmjs.org/@smithy/types/-/types-4.14.3.tgz",
      "integrity": "sha512-YupL0ZWmFtJexUN2cHzkvvF/b9pKrtAIfT1o7/oY/Ppu8IYeZ+lDPM5vZdQJaSeA132dJCqojjGC9NhXeF71VQ==",
      "dependencies": {
        "tslib": "^2.6.2"
      },
      "engines": {
        "node": ">=18.0.0"
      }
    },
    "node_modules/@aws-sdk/client-personalize-events": {
      "version": "3.1060.0",
      "resolved": "https://registry.npmjs.org/@aws-sdk/client-personalize-events/-/client-personalize-events-3.1060.0.tgz",
      "integrity": "sha512-S8PuDDA9VXDO6yAyf46YOMs5ipoiW+B6Umj7BA/qMURM37nPLV74qq5+fIyTT3VHqUhB8t3oSDnSFgUk4Ya/Vg==",
      "dependencies": {
        "@aws-crypto/sha256-browser": "5.2.0",
        "@aws-crypto/sha256-js": "5.2.0",
        "@aws-sdk/core": "^3.974.17",
        "@aws-sdk/credential-provider-node": "^3.972.50",
        "@aws-sdk/types": "^3.973.10",
        "@smithy/core": "^3.24.6",
        "@smithy/fetch-http-handler": "^5.4.6",
        "@smithy/node-http-handler": "^4.7.6",
        "@smithy/types": "^4.14.3",
        "tslib": "^2.6.2"
      },
      "engines": {
        "node": ">=20.0.0"
      }
    },
    "node_modules/@aws-sdk/client-personalize-events/node_modules/@smithy/types": {
      "version": "4.14.3",
      "resolved": "https://registry.npmjs.org/@smithy/types/-/types-4.14.3.tgz",
      "integrity": "sha512-YupL0ZWmFtJexUN2cHzkvvF/b9pKrtAIfT1o7/oY/Ppu8IYeZ+lDPM5vZdQJaSeA132dJCqojjGC9NhXeF71VQ==",
      "dependencies": {
        "tslib": "^2.6.2"
      },
      "engines": {
        "node": ">=18.0.0"
      }
    },
    "node_modules/@aws-sdk/core": {
      "version": "3.974.17",
      "resolved": "https://registry.npmjs.org/@aws-sdk/core/-/core-3.974.17.tgz",
      "integrity": "sha512-r8o4h2K7j6P9ngno+8ei0aK0U/4JwDb7A2fMMxGVoSqDN8AFlIzSDeZHME9LcVLR2codyhtr1WAAg+/nmkeeMA==",
      "dependencies": {
        "@aws-sdk/types": "^3.973.10",
        "@aws-sdk/xml-builder": "^3.972.27",
        "@aws/lambda-invoke-store": "^0.2.2",
        "@smithy/core": "^3.24.6",
        "@smithy/signature-v4": "^5.4.6",
        "@smithy/types": "^4.14.3",
        "bowser": "^2.11.0",
        "tslib": "^2.6.2"
      },
      "engines": {
        "node": ">=20.0.0"
      }
    },
    "node_modules/@aws-sdk/core/node_modules/@smithy/types": {
      "version": "4.14.3",
      "resolved": "https://registry.npmjs.org/@smithy/types/-/types-4.14.3.tgz",
      "integrity": "sha512-YupL0ZWmFtJexUN2cHzkvvF/b9pKrtAIfT1o7/oY/Ppu8IYeZ+lDPM5vZdQJaSeA132dJCqojjGC9NhXeF71VQ==",
      "dependencies": {
        "tslib": "^2.6.2"
      },
      "engines": {
        "node": ">=18.0.0"
      }
    },
    "node_modules/@aws-sdk/credential-provider-env": {
      "version": "3.972.43",
      "resolved": "https://registry.npmjs.org/@aws-sdk/credential-provider-env/-/credential-provider-env-3.972.43.tgz",
      "integrity": "sha512-g0XVQKzaA/4cq1vz1IvCQwYM+1Pkv01J9yHDpCTXekVuGZRDEz0wqBQ1AuYTq7FM6uik4uBGH8Tb5d9YvgeA7g==",
      "dependencies": {
        "@aws-sdk/core": "^3.974.17",
        "@aws-sdk/types": "^3.973.10",
        "@smithy/core": "^3.24.6",
        "@smithy/types": "^4.14.3",
        "tslib": "^2.6.2"
      },
      "engines": {
        "node": ">=20.0.0"
      }
    },
    "node_modules/@aws-sdk/credential-provider-env/node_modules/@smithy/types": {
      "version": "4.14.3",
      "resolved": "https://registry.npmjs.org/@smithy/types/-/types-4.14.3.tgz",
      "integrity": "sha512-YupL0ZWmFtJexUN2cHzkvvF/b9pKrtAIfT1o7/oY/Ppu8IYeZ+lDPM5vZdQJaSeA132dJCqojjGC9NhXeF71VQ==",
      "dependencies": {
        "tslib": "^2.6.2"
      },
      "engines": {
        "node": ">=18.0.0"
      }
    },
    "node_modules/@aws-sdk/credential-provider-http": {
      "version": "3.972.45",
      "resolved": "https://registry.npmjs.org/@aws-sdk/credential-provider-http/-/credential-provider-http-3.972.45.tgz",
      "integrity": "sha512-w9PuOoKCt6+xoESvY+zlV0u3PKQ0mVL259PcsVR6a3S/uYJJHnIi4r1NxdJHEcNldUVRIciltWnFMGBR4YEm3g==",
      "dependencies": {
        "@aws-sdk/core": "^3.974.17",
        "@aws-sdk/types": "^3.973.10",
        "@smithy/core": "^3.24.6",
        "@smithy/fetch-http-handler": "^5.4.6",
        "@smithy/node-http-handler": "^4.7.6",
        "@smithy/types": "^4.14.3",
        "tslib": "^2.6.2"
      },
      "engines": {
        "node": ">=20.0.0"
      }
    },
    "node_modules/@aws-sdk/credential-provider-http/node_modules/@smithy/types": {
      "version": "4.14.3",
      "resolved": "https://registry.npmjs.org/@smithy/types/-/types-4.14.3.tgz",
      "integrity": "sha512-YupL0ZWmFtJexUN2cHzkvvF/b9pKrtAIfT1o7/oY/Ppu8IYeZ+lDPM5vZdQJaSeA132dJCqojjGC9NhXeF71VQ==",
      "dependencies": {
        "tslib": "^2.6.2"
      },
      "engines": {
        "node": ">=18.0.0"
      }
    },
    "node_modules/@aws-sdk/credential-provider-ini": {
      "version": "3.972.48",
      "resolved": "https://registry.npmjs.org/@aws-sdk/credential-provider-ini/-/credential-provider-ini-3.972.48.tgz",
      "integrity": "sha512-+6BQ6Lrnc+EyAGElLRW6j+Sa+RirPHnIJsobvYO6nnyK+oGKmz1ne/ieclbLWyjyDKEU3/JVJWcWY3VLFPvGtQ==",
      "dependencies": {
        "@aws-sdk/core": "^3.974.17",
        "@aws-sdk/credential-provider-env": "^3.972.43",
        "@aws-sdk/credential-provider-http": "^3.972.45",
        "@aws-sdk/credential-provider-login": "^3.972.47",
        "@aws-sdk/credential-provider-process": "^3.972.43",
        "@aws-sdk/credential-provider-sso": "^3.972.47",
        "@aws-sdk/credential-provider-web-identity": "^3.972.47",
        "@aws-sdk/nested-clients": "^3.997.15",
        "@aws-sdk/types": "^3.973.10",
        "@smithy/core": "^3.24.6",
        "@smithy/credential-provider-imds": "^4.3.7",
        "@smithy/types": "^4.14.3",
        "tslib": "^2.6.2"
      },
      "engines": {
        "node": ">=20.0.0"
      }
    },
    "node_modules/@aws-sdk/credential-provider-ini/node_modules/@smithy/types": {
      "version": "4.14.3",
      "resolved": "https://registry.npmjs.org/@smithy/types/-/types-4.14.3.tgz",
      "integrity": "sha512-YupL0ZWmFtJexUN2cHzkvvF/b9pKrtAIfT1o7/oY/Ppu8IYeZ+lDPM5vZdQJaSeA132dJCqojjGC9NhXeF71VQ==",
      "dependencies": {
        "tslib": "^2.6.2"
      },
      "engines": {
        "node": ">=18.0.0"
      }
    },
    "node_modules/@aws-sdk/credential-provider-login": {
      "version": "3.972.47",
      "resolved": "https://registry.npmjs.org/@aws-sdk/credential-provider-login/-/credential-provider-login-3.972.47.tgz",
      "integrity": "sha512-Iy2ebWVgrZBH05464uJiQYu6HSSiROnwVZptthEFXx2gWjo1ORCxEAFZB5Cr2MdfrSnZ+0QUPkZ1ZpCqpkUrLQ==",
      "dependencies": {
        "@aws-sdk/core": "^3.974.17",
        "@aws-sdk/nested-clients": "^3.997.15",
        "@aws-sdk/types": "^3.973.10",
        "@smithy/core": "^3.24.6",
        "@smithy/types": "^4.14.3",
        "tslib": "^2.6.2"
      },
      "engines": {
        "node": ">=20.0.0"
      }
    },
    "node_modules/@aws-sdk/credential-provider-login/node_modules/@smithy/types": {
      "version": "4.14.3",
      "resolved": "https://registry.npmjs.org/@smithy/types/-/types-4.14.3.tgz",
      "integrity": "sha512-YupL0ZWmFtJexUN2cHzkvvF/b9pKrtAIfT1o7/oY/Ppu8IYeZ+lDPM5vZdQJaSeA132dJCqojjGC9NhXeF71VQ==",
      "dependencies": {
        "tslib": "^2.6.2"
      },
      "engines": {
        "node": ">=18.0.0"
      }
    },
    "node_modules/@aws-sdk/credential-provider-node": {
      "version": "3.972.50",
      "resolved": "https://registry.npmjs.org/@aws-sdk/credential-provider-node/-/credential-provider-node-3.972.50.tgz",
      "integrity": "sha512-b05Aelq5cqAvCCDQjCYacl0XmR8QhBNSqLbsdISkQmlQBa5oPS66zYPteWcSp5LswbpoIe552EUGjluKiadBig==",
      "dependencies": {
        "@aws-sdk/credential-provider-env": "^3.972.43",
        "@aws-sdk/credential-provider-http": "^3.972.45",
        "@aws-sdk/credential-provider-ini": "^3.972.48",
        "@aws-sdk/credential-provider-process": "^3.972.43",
        "@aws-sdk/credential-provider-sso": "^3.972.47",
        "@aws-sdk/credential-provider-web-identity": "^3.972.47",
        "@aws-sdk/types": "^3.973.10",
        "@smithy/core": "^3.24.6",
        "@smithy/credential-provider-imds": "^4.3.7",
        "@smithy/types": "^4.14.3",
        "tslib": "^2.6.2"
      },
      "engines": {
        "node": ">=20.0.0"
      }
    },
    "node_modules/@aws-sdk/credential-provider-node/node_modules/@smithy/types": {
      "version": "4.14.3",
      "resolved": "https://registry.npmjs.org/@smithy/types/-/types-4.14.3.tgz",
      "integrity": "sha512-YupL0ZWmFtJexUN2cHzkvvF/b9pKrtAIfT1o7/oY/Ppu8IYeZ+lDPM5vZdQJaSeA132dJCqojjGC9NhXeF71VQ==",
      "dependencies": {
        "tslib": "^2.6.2"
      },
      "engines": {
        "node": ">=18.0.0"
      }
    },
    "node_modules/@aws-sdk/credential-provider-process": {
      "version": "3.972.43",
      "resolved": "https://registry.npmjs.org/@aws-sdk/credential-provider-process/-/credential-provider-process-3.972.43.tgz",
      "integrity": "sha512-GPokLNyvTfCmuaHk+v3GKVs4ZT3cMu5kgS2a+NPkOMt96cq6fSIK0g+mZHpGS6Cd4QGrPKesANEaLUKgOskTzg==",
      "dependencies": {
        "@aws-sdk/core": "^3.974.17",
        "@aws-sdk/types": "^3.973.10",
        "@smithy/core": "^3.24.6",
        "@smithy/types": "^4.14.3",
        "tslib": "^2.6.2"
      },
      "engines": {
        "node": ">=20.0.0"
      }
    },
    "node_modules/@aws-sdk/credential-provider-process/node_modules/@smithy/types": {
      "version": "4.14.3",
      "resolved": "https://registry.npmjs.org/@smithy/types/-/types-4.14.3.tgz",
      "integrity": "sha512-YupL0ZWmFtJexUN2cHzkvvF/b9pKrtAIfT1o7/oY/Ppu8IYeZ+lDPM5vZdQJaSeA132dJCqojjGC9NhXeF71VQ==",
      "dependencies": {
        "tslib": "^2.6.2"
      },
      "engines": {
        "node": ">=18.0.0"
      }
    },
    "node_modules/@aws-sdk/credential-provider-sso": {
      "version": "3.972.47",
      "resolved": "https://registry.npmjs.org/@aws-sdk/credential-provider-sso/-/credential-provider-sso-3.972.47.tgz",
      "integrity": "sha512-0AzvLrzlvJs0DzbeWGvNj+bX3Uzd7VNS6vDqCOdZzBlCGKGd78uxctJSW9iK/Rt/nxiJqpTvrYQlVJ4guVM2Dw==",
      "dependencies": {
        "@aws-sdk/core": "^3.974.17",
        "@aws-sdk/nested-clients": "^3.997.15",
        "@aws-sdk/token-providers": "3.1060.0",
        "@aws-sdk/types": "^3.973.10",
        "@smithy/core": "^3.24.6",
        "@smithy/types": "^4.14.3",
        "tslib": "^2.6.2"
      },
      "engines": {
        "node": ">=20.0.0"
      }
    },
    "node_modules/@aws-sdk/credential-provider-sso/node_modules/@smithy/types": {
      "version": "4.14.3",
      "resolved": "https://registry.npmjs.org/@smithy/types/-/types-4.14.3.tgz",
      "integrity": "sha512-YupL0ZWmFtJexUN2cHzkvvF/b9pKrtAIfT1o7/oY/Ppu8IYeZ+lDPM5vZdQJaSeA132dJCqojjGC9NhXeF71VQ==",
      "dependencies": {
        "tslib": "^2.6.2"
      },
      "engines": {
        "node": ">=18.0.0"
      }
    },
    "node_modules/@aws-sdk/credential-provider-web-identity": {
      "version": "3.972.47",
      "resolved": "https://registry.npmjs.org/@aws-sdk/credential-provider-web-identity/-/credential-provider-web-identity-3.972.47.tgz",
      "integrity": "sha512-eksfbUErOejUAGWBAcNqaP7IX21oUOEo73d9R56k9Ua4d57qS90NEYkWJsuSGzTXMFulCu17qXJI/qGmM7hvoA==",
      "dependencies": {
        "@aws-sdk/core": "^3.974.17",
        "@aws-sdk/nested-clients": "^3.997.15",
        "@aws-sdk/types": "^3.973.10",
        "@smithy/core": "^3.24.6",
        "@smithy/types": "^4.14.3",
        "tslib": "^2.6.2"
      },
      "engines": {
        "node": ">=20.0.0"
      }
    },
    "node_modules/@aws-sdk/credential-provider-web-identity/node_modules/@smithy/types": {
      "version": "4.14.3",
      "resolved": "https://registry.npmjs.org/@smithy/types/-/types-4.14.3.tgz",
      "integrity": "sha512-YupL0ZWmFtJexUN2cHzkvvF/b9pKrtAIfT1o7/oY/Ppu8IYeZ+lDPM5vZdQJaSeA132dJCqojjGC9NhXeF71VQ==",
      "dependencies": {
        "tslib": "^2.6.2"
      },
      "engines": {
        "node": ">=18.0.0"
      }
    },
    "node_modules/@aws-sdk/nested-clients": {
      "version": "3.997.15",
      "resolved": "https://registry.npmjs.org/@aws-sdk/nested-clients/-/nested-clients-3.997.15.tgz",
      "integrity": "sha512-Fpri1/PXKMKveORZ7E00VLTlWS5DkfZkW70PUE+bOnpWpAeHAQLoiDHhkzN3kNWbbSsGg64+IZYiq/EZgME3Mg==",
      "dependencies": {
        "@aws-crypto/sha256-browser": "5.2.0",
        "@aws-crypto/sha256-js": "5.2.0",
        "@aws-sdk/core": "^3.974.17",
        "@aws-sdk/signature-v4-multi-region": "^3.996.31",
        "@aws-sdk/types": "^3.973.10",
        "@smithy/core": "^3.24.6",
        "@smithy/fetch-http-handler": "^5.4.6",
        "@smithy/node-http-handler": "^4.7.6",
        "@smithy/types": "^4.14.3",
        "tslib": "^2.6.2"
      },
      "engines": {
        "node": ">=20.0.0"
      }
    },
    "node_modules/@aws-sdk/nested-clients/node_modules/@smithy/types": {
      "version": "4.14.3",
      "resolved": "https://registry.npmjs.org/@smithy/types/-/types-4.14.3.tgz",
      "integrity": "sha512-YupL0ZWmFtJexUN2cHzkvvF/b9pKrtAIfT1o7/oY/Ppu8IYeZ+lDPM5vZdQJaSeA132dJCqojjGC9NhXeF71VQ==",
      "dependencies": {
        "tslib": "^2.6.2"
      },
      "engines": {
        "node": ">=18.0.0"
      }
    },
    "node_modules/@aws-sdk/signature-v4-multi-region": {
      "version": "3.996.31",
      "resolved": "https://registry.npmjs.org/@aws-sdk/signature-v4-multi-region/-/signature-v4-multi-region-3.996.31.tgz",
      "integrity": "sha512-Kn2up9SlG1KC6wRtwf0d7waTGF6rvp9DxYqB54x6UCKdQ6kyaXCqHL4WGb5vUJga5kS8FxnjhY0LqM28aMvnNQ==",
      "dependencies": {
        "@aws-sdk/types": "^3.973.10",
        "@smithy/signature-v4": "^5.4.6",
        "@smithy/types": "^4.14.3",
        "tslib": "^2.6.2"
      },
      "engines": {
        "node": ">=20.0.0"
      }
    },
    "node_modules/@aws-sdk/signature-v4-multi-region/node_modules/@smithy/types": {
      "version": "4.14.3",
      "resolved": "https://registry.npmjs.org/@smithy/types/-/types-4.14.3.tgz",
      "integrity": "sha512-YupL0ZWmFtJexUN2cHzkvvF/b9pKrtAIfT1o7/oY/Ppu8IYeZ+lDPM5vZdQJaSeA132dJCqojjGC9NhXeF71VQ==",
      "dependencies": {
        "tslib": "^2.6.2"
      },
      "engines": {
        "node": ">=18.0.0"
      }
    },
    "node_modules/@aws-sdk/token-providers": {
      "version": "3.1060.0",
      "resolved": "https://registry.npmjs.org/@aws-sdk/token-providers/-/token-providers-3.1060.0.tgz",
      "integrity": "sha512-6NZaMKkFhpaNiwLpHi1sZaYjidL/lCJE6ME6NxwA8gv9vQna+Kr0j4OFwVoz6tANRWM3WbGz6jiPsGX/Vkjwow==",
      "dependencies": {
        "@aws-sdk/core": "^3.974.17",
        "@aws-sdk/nested-clients": "^3.997.15",
        "@aws-sdk/types": "^3.973.10",
        "@smithy/core": "^3.24.6",
        "@smithy/types": "^4.14.3",
        "tslib": "^2.6.2"
      },
      "engines": {
        "node": ">=20.0.0"
      }
    },
    "node_modules/@aws-sdk/token-providers/node_modules/@smithy/types": {
      "version": "4.14.3",
      "resolved": "https://registry.npmjs.org/@smithy/types/-/types-4.14.3.tgz",
      "integrity": "sha512-YupL0ZWmFtJexUN2cHzkvvF/b9pKrtAIfT1o7/oY/Ppu8IYeZ+lDPM5vZdQJaSeA132dJCqojjGC9NhXeF71VQ==",
      "dependencies": {
        "tslib": "^2.6.2"
      },
      "engines": {
        "node": ">=18.0.0"
      }
    },
    "node_modules/@aws-sdk/types": {
      "version": "3.973.10",
      "resolved": "https://registry.npmjs.org/@aws-sdk/types/-/types-3.973.10.tgz",
      "integrity": "sha512-992QrTO7G9qCvKD0fx1rMlqcL14plUcRAbwmqqYVsuF3GrqcvlAL9qxR+baMafarEZ+l7DUQ5lCMmt5mbMhF7g==",
      "dependencies": {
        "@smithy/types": "^4.14.3",
        "tslib": "^2.6.2"
      },
      "engines": {
        "node": ">=20.0.0"
      }
    },
    "node_modules/@aws-sdk/types/node_modules/@smithy/types": {
      "version": "4.14.3",
      "resolved": "https://registry.npmjs.org/@smithy/types/-/types-4.14.3.tgz",
      "integrity": "sha512-YupL0ZWmFtJexUN2cHzkvvF/b9pKrtAIfT1o7/oY/Ppu8IYeZ+lDPM5vZdQJaSeA132dJCqojjGC9NhXeF71VQ==",
      "dependencies": {
        "tslib": "^2.6.2"
      },
      "engines": {
        "node": ">=18.0.0"
      }
    },
    "node_modules/@aws-sdk/util-locate-window": {
      "version": "3.965.5",
      "resolved": "https://registry.npmjs.org/@aws-sdk/util-locate-window/-/util-locate-window-3.965.5.tgz",
      "integrity": "sha512-WhlJNNINQB+9qtLtZJcpQdgZw3SCDCpXdUJP7cToGwHbCWCnRckGlc6Bx/OhWwIYFNAn+FIydY8SZ0QmVu3xTQ==",
      "dependencies": {
        "tslib": "^2.6.2"
      },
      "engines": {
        "node": ">=20.0.0"
      }
    },
    "node_modules/@aws-sdk/xml-builder": {
      "version": "3.972.27",
      "resolved": "https://registry.npmjs.org/@aws-sdk/xml-builder/-/xml-builder-3.972.27.tgz",
      "integrity": "sha512-hpsCXCOI436kxWpjtRuIHVvuPP81MOw8f18jzfZeg+UOiiOvlqWcmWChzEhJEu16cOC6+ku4ncBN+7rdt+DZ9g==",
      "dependencies": {
        "@smithy/types": "^4.14.3",
        "fast-xml-parser": "5.7.3",
        "tslib": "^2.6.2"
      },
      "engines": {
        "node": ">=20.0.0"
      }
    },
    "node_modules/@aws-sdk/xml-builder/node_modules/@smithy/types": {
      "version": "4.14.3",
      "resolved": "https://registry.npmjs.org/@smithy/types/-/types-4.14.3.tgz",
      "integrity": "sha512-YupL0ZWmFtJexUN2cHzkvvF/b9pKrtAIfT1o7/oY/Ppu8IYeZ+lDPM5vZdQJaSeA132dJCqojjGC9NhXeF71VQ==",
      "dependencies": {
        "tslib": "^2.6.2"
      },
      "engines": {
        "node": ">=18.0.0"
      }
    },
    "node_modules/@aws-sdk/xml-builder/node_modules/fast-xml-parser": {
      "version": "5.7.3",
      "resolved": "https://registry.npmjs.org/fast-xml-parser/-/fast-xml-parser-5.7.3.tgz",
      "integrity": "sha512-C0AaNuC+mscy6vrAQKAc/rMq+zAPHodfHGZu4sGVehvAQt/JLG1O5zEcYcXSY5zSqr4YVgxsB+pHXTq0i7eDlg==",
      "funding": [
        {
          "type": "github",
          "url": "https://github.com/sponsors/NaturalIntelligence"
        }
      ],
      "dependencies": {
        "@nodable/entities": "^2.1.0",
        "fast-xml-builder": "^1.1.7",
        "path-expression-matcher": "^1.5.0",
        "strnum": "^2.2.3"
      },
      "bin": {
        "fxparser": "src/cli/cli.js"
      }
    },
    "node_modules/@aws/lambda-invoke-store": {
      "version": "0.2.4",
      "resolved": "https://registry.npmjs.org/@aws/lambda-invoke-store/-/lambda-invoke-store-0.2.4.tgz",
      "integrity": "sha512-iY8yvjE0y651BixKNPgmv1WrQc+GZ142sb0z4gYnChDDY2YqI4P/jsSopBWrKfAt7LOJAkOXt7rC/hms+WclQQ==",
      "engines": {
        "node": ">=18.0.0"
      }
    },
    "node_modules/@nodable/entities": {
      "version": "2.1.1",
      "resolved": "https://registry.npmjs.org/@nodable/entities/-/entities-2.1.1.tgz",
      "integrity": "sha512-Pig3HxDIoMgjdEH8OCf/dkcTmLFjJRjWuq8jSnklu284/TKOPibSRERmOykiwmyXTtv61mP+44f3GMx0tLAyjg==",
      "funding": [
        {
          "type": "github",
          "url": "https://github.com/sponsors/nodable"
        }
      ]
    },
    "node_modules/@smithy/core": {
      "version": "3.24.6",
      "resolved": "https://registry.npmjs.org/@smithy/core/-/core-3.24.6.tgz",
      "integrity": "sha512-wBXDRup6UU97VKyaiRo8AssnfStPtG0oAAfpq/bC0a1YYau8pM86YB4kM6ccoVi1mS8l/UHbn9oDM+7uozr/ug==",
      "dependencies": {
        "@aws-crypto/crc32": "5.2.0",
        "@smithy/types": "^4.14.3",
        "tslib": "^2.6.2"
      },
      "engines": {
        "node": ">=18.0.0"
      }
    },
    "node_modules/@smithy/core/node_modules/@smithy/types": {
      "version": "4.14.3",
      "resolved": "https://registry.npmjs.org/@smithy/types/-/types-4.14.3.tgz",
      "integrity": "sha512-YupL0ZWmFtJexUN2cHzkvvF/b9pKrtAIfT1o7/oY/Ppu8IYeZ+lDPM5vZdQJaSeA132dJCqojjGC9NhXeF71VQ==",
      "dependencies": {
        "tslib": "^2.6.2"
      },
      "engines": {
        "node": ">=18.0.0"
      }
    },
    "node_modules/@smithy/credential-provider-imds": {
      "version": "4.3.7",
      "resolved": "https://registry.npmjs.org/@smithy/credential-provider-imds/-/credential-provider-imds-4.3.7.tgz",
      "integrity": "sha512-xj8gq/bjFABAh6qWPSDCYcY3kzQIm4b561C+YnHH4zGq8rOgzQ3Shk+JGlpUxSd41UGiO6FkLdUCtNX1FAeHgg==",
      "dependencies": {
        "@smithy/core": "^3.24.6",
        "@smithy/types": "^4.14.3",
        "tslib": "^2.6.2"
      },
      "engines": {
        "node": ">=18.0.0"
      }
    },
    "node_modules/@smithy/credential-provider-imds/node_modules/@smithy/types": {
      "version": "4.14.3",
      "resolved": "https://registry.npmjs.org/@smithy/types/-/types-4.14.3.tgz",
      "integrity": "sha512-YupL0ZWmFtJexUN2cHzkvvF/b9pKrtAIfT1o7/oY/Ppu8IYeZ+lDPM5vZdQJaSeA132dJCqojjGC9NhXeF71VQ==",
      "dependencies": {
        "tslib": "^2.6.2"
      },
      "engines": {
        "node": ">=18.0.0"
      }
    },
    "node_modules/@smithy/fetch-http-handler": {
      "version": "5.4.6",
      "resolved": "https://registry.npmjs.org/@smithy/fetch-http-handler/-/fetch-http-handler-5.4.6.tgz",
      "integrity": "sha512-FEwEYJ1jlBKdhe9TPzfghEi1bP55ZeEImlDkEa62bBBYzUcnB6RUCyuiS2mqKt6ZVjUbBgcNhzfIctH+Hevx9g==",
      "dependencies": {
        "@smithy/core": "^3.24.6",
        "@smithy/types": "^4.14.3",
        "tslib": "^2.6.2"
      },
      "engines": {
        "node": ">=18.0.0"
      }
    },
    "node_modules/@smithy/fetch-http-handler/node_modules/@smithy/types": {
      "version": "4.14.3",
      "resolved": "https://registry.npmjs.org/@smithy/types/-/types-4.14.3.tgz",
      "integrity": "sha512-YupL0ZWmFtJexUN2cHzkvvF/b9pKrtAIfT1o7/oY/Ppu8IYeZ+lDPM5vZdQJaSeA132dJCqojjGC9NhXeF71VQ==",
      "dependencies": {
        "tslib": "^2.6.2"
      },
      "engines": {
        "node": ">=18.0.0"
      }
    },
    "node_modules/@smithy/is-array-buffer": {
      "version": "3.0.0",
      "resolved": "https://registry.npmjs.org/@smithy/is-array-buffer/-/is-array-buffer-3.0.0.tgz",
      "integrity": "sha512-+Fsu6Q6C4RSJiy81Y8eApjEB5gVtM+oFKTffg+jSuwtvomJJrhUJBu2zS8wjXSgH/g1MKEWrzyChTBe6clb5FQ==",
      "dependencies": {
        "tslib": "^2.6.2"
      },
      "engines": {
        "node": ">=16.0.0"
      }
    },
    "node_modules/@smithy/md5-js": {
      "version": "2.0.7",
      "resolved": "https://registry.npmjs.org/@smithy/md5-js/-/md5-js-2.0.7.tgz",
      "integrity": "sha512-2i2BpXF9pI5D1xekqUsgQ/ohv5+H//G9FlawJrkOJskV18PgJ8LiNbLiskMeYt07yAsSTZR7qtlcAaa/GQLWww==",
      "dependencies": {
        "@smithy/types": "^2.3.1",
        "@smithy/util-utf8": "^2.0.0",
        "tslib": "^2.5.0"
      }
    },
    "node_modules/@smithy/md5-js/node_modules/@smithy/types": {
      "version": "2.12.0",
      "resolved": "https://registry.npmjs.org/@smithy/types/-/types-2.12.0.tgz",
      "integrity": "sha512-QwYgloJ0sVNBeBuBs65cIkTbfzV/Q6ZNPCJ99EICFEdJYG50nGIY/uYXp+TbsdJReIuPr0a0kXmCvren3MbRRw==",
      "dependencies": {
        "tslib": "^2.6.2"
      },
      "engines": {
        "node": ">=14.0.0"
      }
    },
    "node_modules/@smithy/node-http-handler": {
      "version": "4.7.6",
      "resolved": "https://registry.npmjs.org/@smithy/node-http-handler/-/node-http-handler-4.7.6.tgz",
      "integrity": "sha512-3fya8i7GrJilQouk4cZJKdy5k8MWQBpjfXrRNaXDedH8r779tr0jcxyH3+yoTmsluc2+vF4S343yFbnvu8ExDQ==",
      "dependencies": {
        "@smithy/core": "^3.24.6",
        "@smithy/types": "^4.14.3",
        "tslib": "^2.6.2"
      },
      "engines": {
        "node": ">=18.0.0"
      }
    },
    "node_modules/@smithy/node-http-handler/node_modules/@smithy/types": {
      "version": "4.14.3",
      "resolved": "https://registry.npmjs.org/@smithy/types/-/types-4.14.3.tgz",
      "integrity": "sha512-YupL0ZWmFtJexUN2cHzkvvF/b9pKrtAIfT1o7/oY/Ppu8IYeZ+lDPM5vZdQJaSeA132dJCqojjGC9NhXeF71VQ==",
      "dependencies": {
        "tslib": "^2.6.2"
      },
      "engines": {
        "node": ">=18.0.0"
      }
    },
    "node_modules/@smithy/signature-v4": {
      "version": "5.4.6",
      "resolved": "https://registry.npmjs.org/@smithy/signature-v4/-/signature-v4-5.4.6.tgz",
      "integrity": "sha512-Ojg4B6oIDlIr1R86xCDJt1zJWnYa0VINmqdjfe9qxWjdRivHalZ3iSlQgVqYbW0MdpFOC5XfHEWsnbmdnpIILQ==",
      "dependencies": {
        "@smithy/core": "^3.24.6",
        "@smithy/types": "^4.14.3",
        "tslib": "^2.6.2"
      },
      "engines": {
        "node": ">=18.0.0"
      }
    },
    "node_modules/@smithy/signature-v4/node_modules/@smithy/types": {
      "version": "4.14.3",
      "resolved": "https://registry.npmjs.org/@smithy/types/-/types-4.14.3.tgz",
      "integrity": "sha512-YupL0ZWmFtJexUN2cHzkvvF/b9pKrtAIfT1o7/oY/Ppu8IYeZ+lDPM5vZdQJaSeA132dJCqojjGC9NhXeF71VQ==",
      "dependencies": {
        "tslib": "^2.6.2"
      },
      "engines": {
        "node": ">=18.0.0"
      }
    },
    "node_modules/@smithy/types": {
      "version": "3.7.2",
      "resolved": "https://registry.npmjs.org/@smithy/types/-/types-3.7.2.tgz",
      "integrity": "sha512-bNwBYYmN8Eh9RyjS1p2gW6MIhSO2rl7X9QeLM8iTdcGRP+eDiIWDt66c9IysCc22gefKszZv+ubV9qZc7hdESg==",
      "dependencies": {
        "tslib": "^2.6.2"
      },
      "engines": {
        "node": ">=16.0.0"
      }
    },
    "node_modules/@smithy/util-base64": {
      "version": "3.0.0",
      "resolved": "https://registry.npmjs.org/@smithy/util-base64/-/util-base64-3.0.0.tgz",
      "integrity": "sha512-Kxvoh5Qtt0CDsfajiZOCpJxgtPHXOKwmM+Zy4waD43UoEMA+qPxxa98aE/7ZhdnBFZFXMOiBR5xbcaMhLtznQQ==",
      "dependencies": {
        "@smithy/util-buffer-from": "^3.0.0",
        "@smithy/util-utf8": "^3.0.0",
        "tslib": "^2.6.2"
      },
      "engines": {
        "node": ">=16.0.0"
      }
    },
    "node_modules/@smithy/util-base64/node_modules/@smithy/util-utf8": {
      "version": "3.0.0",
      "resolved": "https://registry.npmjs.org/@smithy/util-utf8/-/util-utf8-3.0.0.tgz",
      "integrity": "sha512-rUeT12bxFnplYDe815GXbq/oixEGHfRFFtcTF3YdDi/JaENIM6aSYYLJydG83UNzLXeRI5K8abYd/8Sp/QM0kA==",
      "dependencies": {
        "@smithy/util-buffer-from": "^3.0.0",
        "tslib": "^2.6.2"
      },
      "engines": {
        "node": ">=16.0.0"
      }
    },
    "node_modules/@smithy/util-buffer-from": {
      "version": "3.0.0",
      "resolved": "https://registry.npmjs.org/@smithy/util-buffer-from/-/util-buffer-from-3.0.0.tgz",
      "integrity": "sha512-aEOHCgq5RWFbP+UDPvPot26EJHjOC+bRgse5A8V3FSShqd5E5UN4qc7zkwsvJPPAVsf73QwYcHN1/gt/rtLwQA==",
      "dependencies": {
        "@smithy/is-array-buffer": "^3.0.0",
        "tslib": "^2.6.2"
      },
      "engines": {
        "node": ">=16.0.0"
      }
    },
    "node_modules/@smithy/util-hex-encoding": {
      "version": "2.0.0",
      "resolved": "https://registry.npmjs.org/@smithy/util-hex-encoding/-/util-hex-encoding-2.0.0.tgz",
      "integrity": "sha512-c5xY+NUnFqG6d7HFh1IFfrm3mGl29lC+vF+geHv4ToiuJCBmIfzx6IeHLg+OgRdPFKDXIw6pvi+p3CsscaMcMA==",
      "dependencies": {
        "tslib": "^2.5.0"
      },
      "engines": {
        "node": ">=14.0.0"
      }
    },
    "node_modules/@smithy/util-utf8": {
      "version": "2.0.0",
      "resolved": "https://registry.npmjs.org/@smithy/util-utf8/-/util-utf8-2.0.0.tgz",
      "integrity": "sha512-rctU1VkziY84n5OXe3bPNpKR001ZCME2JCaBBFgtiM2hfKbHFudc/BkMuPab8hRbLd0j3vbnBTTZ1igBf0wgiQ==",
      "dependencies": {
        "@smithy/util-buffer-from": "^2.0.0",
        "tslib": "^2.5.0"
      },
      "engines": {
        "node": ">=14.0.0"
      }
    },
    "node_modules/@smithy/util-utf8/node_modules/@smithy/is-array-buffer": {
      "version": "2.2.0",
      "resolved": "https://registry.npmjs.org/@smithy/is-array-buffer/-/is-array-buffer-2.2.0.tgz",
      "integrity": "sha512-GGP3O9QFD24uGeAXYUjwSTXARoqpZykHadOmA8G5vfJPK0/DC67qa//0qvqrJzL1xc8WQWX7/yc7fwudjPHPhA==",
      "dependencies": {
        "tslib": "^2.6.2"
      },
      "engines": {
        "node": ">=14.0.0"
      }
    },
    "node_modules/@smithy/util-utf8/node_modules/@smithy/util-buffer-from": {
      "version": "2.2.0",
      "resolved": "https://registry.npmjs.org/@smithy/util-buffer-from/-/util-buffer-from-2.2.0.tgz",
      "integrity": "sha512-IJdWBbTcMQ6DA0gdNhh/BwrLkDR+ADW5Kr1aZmd4k3DIF6ezMV4R2NIAmT08wQJ3yUK82thHWmC/TnK/wpMMIA==",
      "dependencies": {
        "@smithy/is-array-buffer": "^2.2.0",
        "tslib": "^2.6.2"
      },
      "engines": {
        "node": ">=14.0.0"
      }
    },
    "node_modules/@types/aws-lambda": {
      "version": "8.10.161",
      "resolved": "https://registry.npmjs.org/@types/aws-lambda/-/aws-lambda-8.10.161.tgz",
      "integrity": "sha512-rUYdp+MQwSFocxIOcSsYSF3YYYC/uUpMbCY/mbO21vGqfrEYvNSoPyKYDj6RhXXpPfS0KstW9RwG3qXh9sL7FQ=="
    },
    "node_modules/@types/json-schema": {
      "version": "7.0.15",
      "resolved": "https://registry.npmjs.org/@types/json-schema/-/json-schema-7.0.15.tgz",
      "integrity": "sha512-5+fP8P8MFNC+AyZCDxrB2pkZFPGzqQWUzpSeuuVLvm8VMcorNYavBqoFcxK8bQz4Qsbn4oUEEem4wDLfcysGHA=="
    },
    "node_modules/@types/uuid": {
      "version": "9.0.8",
      "resolved": "https://registry.npmjs.org/@types/uuid/-/uuid-9.0.8.tgz",
      "integrity": "sha512-jg+97EGIcY9AGHJJRaaPVgetKDsrTgbRjQ5Msgjh/DQKEFl0DtyRr/VCOyD1T2R1MNeWPK/u7JoGhlDZnKBAfA=="
    },
    "node_modules/aws-amplify": {
      "version": "6.17.0",
      "resolved": "https://registry.npmjs.org/aws-amplify/-/aws-amplify-6.17.0.tgz",
      "integrity": "sha512-608h5BZvhbKGTN3sJwMoL6CJ8GPZWfgElywvuPr07IhxWklR6Y3BPwOgM4XC4F1sIsjxRdwh5BBHaSbn1BDUxQ==",
      "dependencies": {
        "@aws-amplify/analytics": "7.0.94",
        "@aws-amplify/api": "6.3.26",
        "@aws-amplify/auth": "6.20.0",
        "@aws-amplify/core": "6.16.3",
        "@aws-amplify/datastore": "5.1.7",
        "@aws-amplify/notifications": "2.0.94",
        "@aws-amplify/storage": "6.15.0",
        "tslib": "^2.5.0"
      }
    },
    "node_modules/base64-js": {
      "version": "1.5.1",
      "resolved": "https://registry.npmjs.org/base64-js/-/base64-js-1.5.1.tgz",
      "integrity": "sha512-AKpaYlHn8t4SVbOHCy+b5+KKgvR4vrsD8vbvrbiQJps7fKDTkjkDry6ji0rUJjC0kzbNePLwzxq8iypo41qeWA==",
      "funding": [
        {
          "type": "github",
          "url": "https://github.com/sponsors/feross"
        },
        {
          "type": "patreon",
          "url": "https://www.patreon.com/feross"
        },
        {
          "type": "consulting",
          "url": "https://feross.org/support"
        }
      ]
    },
    "node_modules/bowser": {
      "version": "2.14.1",
      "resolved": "https://registry.npmjs.org/bowser/-/bowser-2.14.1.tgz",
      "integrity": "sha512-tzPjzCxygAKWFOJP011oxFHs57HzIhOEracIgAePE4pqB3LikALKnSzUyU4MGs9/iCEUuHlAJTjTc5M+u7YEGg=="
    },
    "node_modules/buffer": {
      "version": "4.9.2",
      "resolved": "https://registry.npmjs.org/buffer/-/buffer-4.9.2.tgz",
      "integrity": "sha512-xq+q3SRMOxGivLhBNaUdC64hDTQwejJ+H0T/NB1XMtTVEwNTrfFF3gAxiyW0Bu/xWEGhjVKgUcMhCrUy2+uCWg==",
      "dependencies": {
        "base64-js": "^1.0.2",
        "ieee754": "^1.1.4",
        "isarray": "^1.0.0"
      }
    },
    "node_modules/crc-32": {
      "version": "1.2.2",
      "resolved": "https://registry.npmjs.org/crc-32/-/crc-32-1.2.2.tgz",
      "integrity": "sha512-ROmzCKrTnOwybPcJApAA6WBWij23HVfGVNKqqrZpuyZOHqK2CwHSvpGuyt/UNNvaIjEd8X5IFGp4Mh+Ie1IHJQ==",
      "bin": {
        "crc32": "bin/crc32.njs"
      },
      "engines": {
        "node": ">=0.8"
      }
    },
    "node_modules/fast-xml-builder": {
      "version": "1.2.0",
      "resolved": "https://registry.npmjs.org/fast-xml-builder/-/fast-xml-builder-1.2.0.tgz",
      "integrity": "sha512-00aAWieqff+ZJhsXA4g1g7M8k+7AYoMUUHF+/zFb5U6Uv/P0Vl4QZo84/IcufzYalLuEj9928bXN9PbbFzMF0Q==",
      "funding": [
        {
          "type": "github",
          "url": "https://github.com/sponsors/NaturalIntelligence"
        }
      ],
      "dependencies": {
        "path-expression-matcher": "^1.5.0",
        "xml-naming": "^0.1.0"
      }
    },
    "node_modules/fast-xml-parser": {
      "version": "5.8.0",
      "resolved": "https://registry.npmjs.org/fast-xml-parser/-/fast-xml-parser-5.8.0.tgz",
      "integrity": "sha512-6bIM7fsJxeo3uXv7OncQYsBAMPJ7V16Slahl/6M98C/i2q+vB1+4a0MtrvYwDFEUrwDSbAmeLDRXsOBwrL7yAg==",
      "funding": [
        {
          "type": "github",
          "url": "https://github.com/sponsors/NaturalIntelligence"
        }
      ],
      "dependencies": {
        "@nodable/entities": "^2.1.0",
        "fast-xml-builder": "^1.2.0",
        "path-expression-matcher": "^1.5.0",
        "strnum": "^2.3.0",
        "xml-naming": "^0.1.0"
      },
      "bin": {
        "fxparser": "src/cli/cli.js"
      }
    },
    "node_modules/graphql": {
      "version": "15.8.0",
      "resolved": "https://registry.npmjs.org/graphql/-/graphql-15.8.0.tgz",
      "integrity": "sha512-5gghUc24tP9HRznNpV2+FIoq3xKkj5dTQqf4v0CpdPbFVwFkWoxOM+o+2OC9ZSvjEMTjfmG9QT+gcvggTwW1zw==",
      "engines": {
        "node": ">= 10.x"
      }
    },
    "node_modules/idb": {
      "version": "5.0.6",
      "resolved": "https://registry.npmjs.org/idb/-/idb-5.0.6.tgz",
      "integrity": "sha512-/PFvOWPzRcEPmlDt5jEvzVZVs0wyd/EvGvkDIcbBpGuMMLQKrTPG0TxvE2UJtgZtCQCmOtM2QD7yQJBVEjKGOw=="
    },
    "node_modules/ieee754": {
      "version": "1.2.1",
      "resolved": "https://registry.npmjs.org/ieee754/-/ieee754-1.2.1.tgz",
      "integrity": "sha512-dcyqhDvX1C46lXZcVqCpK+FtMRQVdIMN6/Df5js2zouUsqG7I6sFxitIC+7KYK29KdXOLHdu9zL4sFnoVQnqaA==",
      "funding": [
        {
          "type": "github",
          "url": "https://github.com/sponsors/feross"
        },
        {
          "type": "patreon",
          "url": "https://www.patreon.com/feross"
        },
        {
          "type": "consulting",
          "url": "https://feross.org/support"
        }
      ]
    },
    "node_modules/immer": {
      "version": "9.0.6",
      "resolved": "https://registry.npmjs.org/immer/-/immer-9.0.6.tgz",
      "integrity": "sha512-G95ivKpy+EvVAnAab4fVa4YGYn24J1SpEktnJX7JJ45Bd7xqME/SCplFzYFmTbrkwZbQ4xJK1xMTUYBkN6pWsQ==",
      "funding": {
        "type": "opencollective",
        "url": "https://opencollective.com/immer"
      }
    },
    "node_modules/isarray": {
      "version": "1.0.0",
      "resolved": "https://registry.npmjs.org/isarray/-/isarray-1.0.0.tgz",
      "integrity": "sha512-VLghIWNM6ELQzo7zwmcg0NmTVyWKYjvIeM83yjp0wRDTmUnrM678fQbcKBo6n2CJEF0szoG//ytg+TKla89ALQ=="
    },
    "node_modules/js-cookie": {
      "version": "3.0.8",
      "resolved": "https://registry.npmjs.org/js-cookie/-/js-cookie-3.0.8.tgz",
      "integrity": "sha512-yeJd4aNAdYZQjaon2bpD/Gb0B/omw7HQOsynXXcOiWVCacbBcPlgn8S/d1X6blFSaHao7ozqtW7NZW19xpCtIw=="
    },
    "node_modules/lodash": {
      "version": "4.18.1",
      "resolved": "https://registry.npmjs.org/lodash/-/lodash-4.18.1.tgz",
      "integrity": "sha512-dMInicTPVE8d1e5otfwmmjlxkZoUpiVLwyeTdUsi/Caj/gfzzblBcCE5sRHV/AsjuCmxWrte2TNGSYuCeCq+0Q=="
    },
    "node_modules/path-expression-matcher": {
      "version": "1.5.0",
      "resolved": "https://registry.npmjs.org/path-expression-matcher/-/path-expression-matcher-1.5.0.tgz",
      "integrity": "sha512-cbrerZV+6rvdQrrD+iGMcZFEiiSrbv9Tfdkvnusy6y0x0GKBXREFg/Y65GhIfm0tnLntThhzCnfKwp1WRjeCyQ==",
      "funding": [
        {
          "type": "github",
          "url": "https://github.com/sponsors/NaturalIntelligence"
        }
      ],
      "engines": {
        "node": ">=14.0.0"
      }
    },
    "node_modules/rxjs": {
      "version": "7.8.2",
      "resolved": "https://registry.npmjs.org/rxjs/-/rxjs-7.8.2.tgz",
      "integrity": "sha512-dhKf903U/PQZY6boNNtAGdWbG85WAbjT/1xYoZIC7FAY0yWapOBQVsVrDl58W86//e1VpMNBtRV4MaXfdMySFA==",
      "dependencies": {
        "tslib": "^2.1.0"
      }
    },
    "node_modules/strnum": {
      "version": "2.3.0",
      "resolved": "https://registry.npmjs.org/strnum/-/strnum-2.3.0.tgz",
      "integrity": "sha512-ums3KNd42PGyx5xaoVTO1mjU1bH3NpY4vsrVlnv9PNGqQj8wd7rJ6nEypLrJ7z5vxK5RP0yMLo6J/Gsm62DI5Q==",
      "funding": [
        {
          "type": "github",
          "url": "https://github.com/sponsors/NaturalIntelligence"
        }
      ]
    },
    "node_modules/tslib": {
      "version": "2.8.1",
      "resolved": "https://registry.npmjs.org/tslib/-/tslib-2.8.1.tgz",
      "integrity": "sha512-oJFu94HQb+KVduSUQL7wnpmqnfmLsOA/nAh6b6EH0wCEoK0/mPeXU6c3wKDV83MkOuHPRHtSXKKU99IBazS/2w=="
    },
    "node_modules/ulid": {
      "version": "2.4.0",
      "resolved": "https://registry.npmjs.org/ulid/-/ulid-2.4.0.tgz",
      "integrity": "sha512-fIRiVTJNcSRmXKPZtGzFQv9WRrZ3M9eoptl/teFJvjOzmpU+/K/JH6HZ8deBfb5vMEpicJcLn7JmvdknlMq7Zg==",
      "bin": {
        "ulid": "bin/cli.js"
      }
    },
    "node_modules/uuid": {
      "version": "11.1.1",
      "resolved": "https://registry.npmjs.org/uuid/-/uuid-11.1.1.tgz",
      "integrity": "sha512-vIYxrBCC/N/K+Js3qSN88go7kIfNPssr/hHCesKCQNAjmgvYS2oqr69kIufEG+O4+PfezOH4EbIeHCfFov8ZgQ==",
      "funding": [
        "https://github.com/sponsors/broofa",
        "https://github.com/sponsors/ctavan"
      ],
      "bin": {
        "uuid": "dist/esm/bin/uuid"
      }
    },
    "node_modules/xml-naming": {
      "version": "0.1.0",
      "resolved": "https://registry.npmjs.org/xml-naming/-/xml-naming-0.1.0.tgz",
      "integrity": "sha512-k8KO9hrMyNk6tUWqUfkTEZbezRRpONVOzUTnc97VnCvyj6Tf9lyUR9EDAIeiVLv56jsMcoXEwjW8Kv5yPY52lw==",
      "funding": [
        {
          "type": "github",
          "url": "https://github.com/sponsors/NaturalIntelligence"
        }
      ],
      "engines": {
        "node": ">=16.0.0"
      }
    }
  }
}
